{
  "name": "Hexo",
  "lockfileVersion": 3,
  "requires": true,
  "packages": {
    "": {
      "dependencies": {
        "hexo-theme-next": "^8.19.1"
      }
    },
    "node_modules/hexo-theme-next": {
      "version": "8.19.1",
      "resolved": "https://registry.npmjs.org/hexo-theme-next/-/hexo-theme-next-8.19.1.tgz",
      "integrity": "sha512-qtILs1j0FpWi4hk+WcdjoOfztvMZZsqe6lg6SAEPJdPMsalLyoo7Jaf2AoDneMadE4hyF0n6daPhHLa3A+5m5A=="
    }
  }
}
